{
    "_meta": {
        "hash": {
            "sha256": "1c542fd67e3cf061c6f4ee4890516ef3859366d74cfd1d6bbac033c2926b050b"
        },
        "host-environment-markers": {
            "implementation_name": "cpython",
            "implementation_version": "3.6.2",
            "os_name": "posix",
            "platform_machine": "x86_64",
            "platform_python_implementation": "CPython",
            "platform_release": "17.2.0",
            "platform_system": "Darwin",
            "platform_version": "Darwin Kernel Version 17.2.0: Fri Sep 29 18:27:05 PDT 2017; root:xnu-4570.20.62~3/RELEASE_X86_64",
            "python_full_version": "3.6.2",
            "python_version": "3.6",
            "sys_platform": "darwin"
        },
        "pipfile-spec": 6,
        "requires": {
            "python_version": "3.6"
        },
        "sources": [
            {
                "name": "pypi",
                "url": "https://pypi.python.org/simple",
                "verify_ssl": true
            }
        ]
    },
    "default": {
        "mysql-connector-python-rf": {
            "hashes": [
                "sha256:f8a19ef79d2e28ad28c740e3b757d60ff6077e1a08c357eb31dfa6839aaaf294"
            ],
            "version": "==2.2.2"
        }
    },
    "develop": {}
}
